
Microsoft Visual Studio Solution File, Format Version 12.00
# Visual Studio Version 17
VisualStudioVersion = 17.10.35027.167
MinimumVisualStudioVersion = 10.0.40219.1
Project("{FAE04EC0-301F-11D3-BF4B-00C04F79EFBC}") = "Demo1", "Demo1\Demo1.csproj", "{089FAE29-88C1-48A5-A12A-D97E04BEB7A5}"
EndProject
Global
	GlobalSection(SolutionConfigurationPlatforms) = preSolution
		Debug|Any CPU = Debug|Any CPU
		Release|Any CPU = Release|Any CPU
	EndGlobalSection
	GlobalSection(ProjectConfigurationPlatforms) = postSolution
		{089FAE29-88C1-48A5-A12A-D97E04BEB7A5}.Debug|Any CPU.ActiveCfg = Debug|Any CPU
		{089FAE29-88C1-48A5-A12A-D97E04BEB7A5}.Debug|Any CPU.Build.0 = Debug|Any CPU
		{089FAE29-88C1-48A5-A12A-D97E04BEB7A5}.Release|Any CPU.ActiveCfg = Release|Any CPU
		{089FAE29-88C1-48A5-A12A-D97E04BEB7A5}.Release|Any CPU.Build.0 = Release|Any CPU
	EndGlobalSection
	GlobalSection(SolutionProperties) = preSolution
		HideSolutionNode = FALSE
	EndGlobalSection
	GlobalSection(ExtensibilityGlobals) = postSolution
		SolutionGuid = {F9EF9086-D54B-402B-8F32-6E2F2150BD38}
	EndGlobalSection
EndGlobal
